
Microsoft Visual Studio Solution File, Format Version 12.00
# Visual Studio Version 16
VisualStudioVersion = 16.0.809.6
MinimumVisualStudioVersion = 10.0.40219.1
Project("{FAE04EC0-301F-11D3-BF4B-00C04F79EFBC}") = "task02", "task02\task02.csproj", "{1626672D-5BCF-422D-81B5-4C8B2885319D}"
EndProject
Project("{FAE04EC0-301F-11D3-BF4B-00C04F79EFBC}") = "task03", "task03\task03.csproj", "{1D16268C-BE5D-43A4-8CE5-ACDB160E3165}"
EndProject
Project("{FAE04EC0-301F-11D3-BF4B-00C04F79EFBC}") = "task04", "task04\task04.csproj", "{01312C60-26CA-4E5B-BF80-3A7679E3D6BA}"
EndProject
Global
	GlobalSection(SolutionConfigurationPlatforms) = preSolution
		Debug|Any CPU = Debug|Any CPU
		Release|Any CPU = Release|Any CPU
	EndGlobalSection
	GlobalSection(ProjectConfigurationPlatforms) = postSolution
		{1626672D-5BCF-422D-81B5-4C8B2885319D}.Debug|Any CPU.ActiveCfg = Debug|Any CPU
		{1626672D-5BCF-422D-81B5-4C8B2885319D}.Debug|Any CPU.Build.0 = Debug|Any CPU
		{1626672D-5BCF-422D-81B5-4C8B2885319D}.Release|Any CPU.ActiveCfg = Release|Any CPU
		{1626672D-5BCF-422D-81B5-4C8B2885319D}.Release|Any CPU.Build.0 = Release|Any CPU
		{1D16268C-BE5D-43A4-8CE5-ACDB160E3165}.Debug|Any CPU.ActiveCfg = Debug|Any CPU
		{1D16268C-BE5D-43A4-8CE5-ACDB160E3165}.Debug|Any CPU.Build.0 = Debug|Any CPU
		{1D16268C-BE5D-43A4-8CE5-ACDB160E3165}.Release|Any CPU.ActiveCfg = Release|Any CPU
		{1D16268C-BE5D-43A4-8CE5-ACDB160E3165}.Release|Any CPU.Build.0 = Release|Any CPU
		{01312C60-26CA-4E5B-BF80-3A7679E3D6BA}.Debug|Any CPU.ActiveCfg = Debug|Any CPU
		{01312C60-26CA-4E5B-BF80-3A7679E3D6BA}.Debug|Any CPU.Build.0 = Debug|Any CPU
		{01312C60-26CA-4E5B-BF80-3A7679E3D6BA}.Release|Any CPU.ActiveCfg = Release|Any CPU
		{01312C60-26CA-4E5B-BF80-3A7679E3D6BA}.Release|Any CPU.Build.0 = Release|Any CPU
	EndGlobalSection
	GlobalSection(SolutionProperties) = preSolution
		HideSolutionNode = FALSE
	EndGlobalSection
	GlobalSection(ExtensibilityGlobals) = postSolution
		SolutionGuid = {EF693C87-7FC2-45C1-B3E0-71E983206B4D}
	EndGlobalSection
EndGlobal
